// !$*UTF8*$!
{
	archiveVersion = 1;
	classes = {
	};
	objectVersion = 48;
	objects = {

/* Begin PBXBuildFile section */
		602027EEEDF73579E90EB8F6 /* Pods_PasswordNote.framework in Frameworks */ = {isa = PBXBuildFile; fileRef = F05C86C0A7EDC755C552AE84 /* Pods_PasswordNote.framework */; };
		A02AB2BF1F2113FF004BCD43 /* TableViewController.swift in Sources */ = {isa = PBXBuildFile; fileRef = A02AB2BE1F2113FF004BCD43 /* TableViewController.swift */; };
		A0CC0BEA1F20C05A00DD7C87 /* AppDelegate.swift in Sources */ = {isa = PBXBuildFile; fileRef = A0CC0BE91F20C05A00DD7C87 /* AppDelegate.swift */; };
		A0CC0BEF1F20C05A00DD7C87 /* Main.storyboard in Resources */ = {isa = PBXBuildFile; fileRef = A0CC0BED1F20C05A00DD7C87 /* Main.storyboard */; };
		A0CC0BF11F20C05A00DD7C87 /* Assets.xcassets in Resources */ = {isa = PBXBuildFile; fileRef = A0CC0BF01F20C05A00DD7C87 /* Assets.xcassets */; };
		A0CC0BF41F20C05A00DD7C87 /* LaunchScreen.storyboard in Resources */ = {isa = PBXBuildFile; fileRef = A0CC0BF21F20C05A00DD7C87 /* LaunchScreen.storyboard */; };
/* End PBXBuildFile section */

/* Begin PBXFileReference section */
		3FB3EFD9A9F95D51F439F882 /* Pods-PasswordNote.debug.xcconfig */ = {isa = PBXFileReference; includeInIndex = 1; lastKnownFileType = text.xcconfig; name = "Pods-PasswordNote.debug.xcconfig"; path = "Pods/Target Support Files/Pods-PasswordNote/Pods-PasswordNote.debug.xcconfig"; sourceTree = "<group>"; };
		A02AB2BE1F2113FF004BCD43 /* TableViewController.swift */ = {isa = PBXFileReference; lastKnownFileType = sourcecode.swift; path = TableViewController.swift; sourceTree = "<group>"; };
		A0CC0BE61F20C05A00DD7C87 /* PasswordNote.app */ = {isa = PBXFileReference; explicitFileType = wrapper.application; includeInIndex = 0; path = PasswordNote.app; sourceTree = BUILT_PRODUCTS_DIR; };
		A0CC0BE91F20C05A00DD7C87 /* AppDelegate.swift */ = {isa = PBXFileReference; lastKnownFileType = sourcecode.swift; path = AppDelegate.swift; sourceTree = "<group>"; };
		A0CC0BEE1F20C05A00DD7C87 /* Base */ = {isa = PBXFileReference; lastKnownFileType = file.storyboard; name = Base; path = Base.lproj/Main.storyboard; sourceTree = "<group>"; };
		A0CC0BF01F20C05A00DD7C87 /* Assets.xcassets */ = {isa = PBXFileReference; lastKnownFileType = folder.assetcatalog; path = Assets.xcassets; sourceTree = "<group>"; };
		A0CC0BF31F20C05A00DD7C87 /* Base */ = {isa = PBXFileReference; lastKnownFileType = file.storyboard; name = Base; path = Base.lproj/LaunchScreen.storyboard; sourceTree = "<group>"; };
		A0CC0BF51F20C05A00DD7C87 /* Info.plist */ = {isa = PBXFileReference; lastKnownFileType = text.plist.xml; path = Info.plist; sourceTree = "<group>"; };
		D1A673FB79EDDDB63D4FDB57 /* Pods-PasswordNote.release.xcconfig */ = {isa = PBXFileReference; includeInIndex = 1; lastKnownFileType = text.xcconfig; name = "Pods-PasswordNote.release.xcconfig"; path = "Pods/Target Support Files/Pods-PasswordNote/Pods-PasswordNote.release.xcconfig"; sourceTree = "<group>"; };
		F05C86C0A7EDC755C552AE84 /* Pods_PasswordNote.framework */ = {isa = PBXFileReference; explicitFileType = wrapper.framework; includeInIndex = 0; path = Pods_PasswordNote.framework; sourceTree = BUILT_PRODUCTS_DIR; };
/* End PBXFileReference section */

/* Begin PBXFrameworksBuildPhase section */
		A0CC0BE31F20C05A00DD7C87 /* Frameworks */ = {
			isa = PBXFrameworksBuildPhase;
			buildActionMask = 2147483647;
			files = (
				602027EEEDF73579E90EB8F6 /* Pods_PasswordNote.framework in Frameworks */,
			);
			runOnlyForDeploymentPostprocessing = 0;
		};
/* End PBXFrameworksBuildPhase section */

/* Begin PBXGroup section */
		A0CC0BDD1F20C05A00DD7C87 = {
			isa = PBXGroup;
			children = (
				A0CC0BE81F20C05A00DD7C87 /* PasswordNote */,
				A0CC0BE71F20C05A00DD7C87 /* Products */,
				DB23CCEDED8BE6103ABD942F /* Pods */,
				C2E01A00FF5F2E604AA0DFB8 /* Frameworks */,
			);
			sourceTree = "<group>";
		};
		A0CC0BE71F20C05A00DD7C87 /* Products */ = {
			isa = PBXGroup;
			children = (
				A0CC0BE61F20C05A00DD7C87 /* PasswordNote.app */,
			);
			name = Products;
			sourceTree = "<group>";
		};
		A0CC0BE81F20C05A00DD7C87 /* PasswordNote */ = {
			isa = PBXGroup;
			children = (
				A0CC0BE91F20C05A00DD7C87 /* AppDelegate.swift */,
				A02AB2BE1F2113FF004BCD43 /* TableViewController.swift */,
				A0CC0BED1F20C05A00DD7C87 /* Main.storyboard */,
				A0CC0BF01F20C05A00DD7C87 /* Assets.xcassets */,
				A0CC0BF21F20C05A00DD7C87 /* LaunchScreen.storyboard */,
				A0CC0BF51F20C05A00DD7C87 /* Info.plist */,
			);
			path = PasswordNote;
			sourceTree = "<group>";
		};
		C2E01A00FF5F2E604AA0DFB8 /* Frameworks */ = {
			isa = PBXGroup;
			children = (
				F05C86C0A7EDC755C552AE84 /* Pods_PasswordNote.framework */,
			);
			name = Frameworks;
			sourceTree = "<group>";
		};
		DB23CCEDED8BE6103ABD942F /* Pods */ = {
			isa = PBXGroup;
			children = (
				3FB3EFD9A9F95D51F439F882 /* Pods-PasswordNote.debug.xcconfig */,
				D1A673FB79EDDDB63D4FDB57 /* Pods-PasswordNote.release.xcconfig */,
			);
			name = Pods;
			sourceTree = "<group>";
		};
/* End PBXGroup section */

/* Begin PBXNativeTarget section */
		A0CC0BE51F20C05A00DD7C87 /* PasswordNote */ = {
			isa = PBXNativeTarget;
			buildConfigurationList = A0CC0BF81F20C05A00DD7C87 /* Build configuration list for PBXNativeTarget "PasswordNote" */;
			buildPhases = (
				9311C7D7F1961AC2F03EE680 /* [CP] Check Pods Manifest.lock */,
				A0CC0BE21F20C05A00DD7C87 /* Sources */,
				A0CC0BE31F20C05A00DD7C87 /* Frameworks */,
				A0CC0BE41F20C05A00DD7C87 /* Resources */,
				30C1710AEFF1B3B97A995B2E /* [CP] Embed Pods Frameworks */,
				9578B9F4927084229C0B55C9 /* [CP] Copy Pods Resources */,
			);
			buildRules = (
			);
			dependencies = (
			);
			name = PasswordNote;
			productName = PasswordNote;
			productReference = A0CC0BE61F20C05A00DD7C87 /* PasswordNote.app */;
			productType = "com.apple.product-type.application";
		};
/* End PBXNativeTarget section */

/* Begin PBXProject section */
		A0CC0BDE1F20C05A00DD7C87 /* Project object */ = {
			isa = PBXProject;
			attributes = {
				LastSwiftUpdateCheck = 0900;
				LastUpgradeCheck = 0900;
				ORGANIZATIONNAME = "郑鸿川";
				TargetAttributes = {
					A0CC0BE51F20C05A00DD7C87 = {
						CreatedOnToolsVersion = 9.0;
					};
				};
			};
			buildConfigurationList = A0CC0BE11F20C05A00DD7C87 /* Build configuration list for PBXProject "PasswordNote" */;
			compatibilityVersion = "Xcode 8.0";
			developmentRegion = en;
			hasScannedForEncodings = 0;
			knownRegions = (
				en,
				Base,
			);
			mainGroup = A0CC0BDD1F20C05A00DD7C87;
			productRefGroup = A0CC0BE71F20C05A00DD7C87 /* Products */;
			projectDirPath = "";
			projectRoot = "";
			targets = (
				A0CC0BE51F20C05A00DD7C87 /* PasswordNote */,
			);
		};
/* End PBXProject section */

/* Begin PBXResourcesBuildPhase section */
		A0CC0BE41F20C05A00DD7C87 /* Resources */ = {
			isa = PBXResourcesBuildPhase;
			buildActionMask = 2147483647;
			files = (
				A0CC0BF41F20C05A00DD7C87 /* LaunchScreen.storyboard in Resources */,
				A0CC0BF11F20C05A00DD7C87 /* Assets.xcassets in Resources */,
				A0CC0BEF1F20C05A00DD7C87 /* Main.storyboard in Resources */,
			);
			runOnlyForDeploymentPostprocessing = 0;
		};
/* End PBXResourcesBuildPhase section */

/* Begin PBXShellScriptBuildPhase section */
		30C1710AEFF1B3B97A995B2E /* [CP] Embed Pods Frameworks */ = {
			isa = PBXShellScriptBuildPhase;
			buildActionMask = 2147483647;
			files = (
			);
			inputPaths = (
			);
			name = "[CP] Embed Pods Frameworks";
			outputPaths = (
			);
			runOnlyForDeploymentPostprocessing = 0;
			shellPath = /bin/sh;
			shellScript = "\"${SRCROOT}/Pods/Target Support Files/Pods-PasswordNote/Pods-PasswordNote-frameworks.sh\"\n";
			showEnvVarsInLog = 0;
		};
		9311C7D7F1961AC2F03EE680 /* [CP] Check Pods Manifest.lock */ = {
			isa = PBXShellScriptBuildPhase;
			buildActionMask = 2147483647;
			files = (
			);
			inputPaths = (
			);
			name = "[CP] Check Pods Manifest.lock";
			outputPaths = (
			);
			runOnlyForDeploymentPostprocessing = 0;
			shellPath = /bin/sh;
			shellScript = "diff \"${PODS_ROOT}/../Podfile.lock\" \"${PODS_ROOT}/Manifest.lock\" > /dev/null\nif [ $? != 0 ] ; then\n    # print error to STDERR\n    echo \"error: The sandbox is not in sync with the Podfile.lock. Run 'pod install' or update your CocoaPods installation.\" >&2\n    exit 1\nfi\n";
			showEnvVarsInLog = 0;
		};
		9578B9F4927084229C0B55C9 /* [CP] Copy Pods Resources */ = {
			isa = PBXShellScriptBuildPhase;
			buildActionMask = 2147483647;
			files = (
			);
			inputPaths = (
			);
			name = "[CP] Copy Pods Resources";
			outputPaths = (
			);
			runOnlyForDeploymentPostprocessing = 0;
			shellPath = /bin/sh;
			shellScript = "\"${SRCROOT}/Pods/Target Support Files/Pods-PasswordNote/Pods-PasswordNote-resources.sh\"\n";
			showEnvVarsInLog = 0;
		};
/* End PBXShellScriptBuildPhase section */

/* Begin PBXSourcesBuildPhase section */
		A0CC0BE21F20C05A00DD7C87 /* Sources */ = {
			isa = PBXSourcesBuildPhase;
			buildActionMask = 2147483647;
			files = (
				A0CC0BEA1F20C05A00DD7C87 /* AppDelegate.swift in Sources */,
				A02AB2BF1F2113FF004BCD43 /* TableViewController.swift in Sources */,
			);
			runOnlyForDeploymentPostprocessing = 0;
		};
/* End PBXSourcesBuildPhase section */

/* Begin PBXVariantGroup section */
		A0CC0BED1F20C05A00DD7C87 /* Main.storyboard */ = {
			isa = PBXVariantGroup;
			children = (
				A0CC0BEE1F20C05A00DD7C87 /* Base */,
			);
			name = Main.storyboard;
			sourceTree = "<group>";
		};
		A0CC0BF21F20C05A00DD7C87 /* LaunchScreen.storyboard */ = {
			isa = PBXVariantGroup;
			children = (
				A0CC0BF31F20C05A00DD7C87 /* Base */,
			);
			name = LaunchScreen.storyboard;
			sourceTree = "<group>";
		};
/* End PBXVariantGroup section */

/* Begin XCBuildConfiguration section */
		A0CC0BF61F20C05A00DD7C87 /* Debug */ = {
			isa = XCBuildConfiguration;
			buildSettings = {
				ALWAYS_SEARCH_USER_PATHS = NO;
				CLANG_ANALYZER_NONNULL = YES;
				CLANG_ANALYZER_NUMBER_OBJECT_CONVERSION = YES_AGGRESSIVE;
				CLANG_CXX_LANGUAGE_STANDARD = "gnu++14";
				CLANG_CXX_LIBRARY = "libc++";
				CLANG_ENABLE_MODULES = YES;
				CLANG_ENABLE_OBJC_ARC = YES;
				CLANG_WARN_BLOCK_CAPTURE_AUTORELEASING = YES;
				CLANG_WARN_BOOL_CONVERSION = YES;
				CLANG_WARN_COMMA = YES;
				CLANG_WARN_CONSTANT_CONVERSION = YES;
				CLANG_WARN_DIRECT_OBJC_ISA_USAGE = YES_ERROR;
				CLANG_WARN_DOCUMENTATION_COMMENTS = YES;
				CLANG_WARN_EMPTY_BODY = YES;
				CLANG_WARN_ENUM_CONVERSION = YES;
				CLANG_WARN_INFINITE_RECURSION = YES;
				CLANG_WARN_INT_CONVERSION = YES;
				CLANG_WARN_OBJC_ROOT_CLASS = YES_ERROR;
				CLANG_WARN_RANGE_LOOP_ANALYSIS = YES;
				CLANG_WARN_STRICT_PROTOTYPES = YES;
				CLANG_WARN_SUSPICIOUS_MOVE = YES;
				CLANG_WARN_UNGUARDED_AVAILABILITY = YES_AGGRESSIVE;
				CLANG_WARN_UNREACHABLE_CODE = YES;
				CLANG_WARN__DUPLICATE_METHOD_MATCH = YES;
				CODE_SIGN_IDENTITY = "iPhone Developer";
				COPY_PHASE_STRIP = NO;
				DEBUG_INFORMATION_FORMAT = dwarf;
				ENABLE_STRICT_OBJC_MSGSEND = YES;
				ENABLE_TESTABILITY = YES;
				GCC_C_LANGUAGE_STANDARD = gnu11;
				GCC_DYNAMIC_NO_PIC = NO;
				GCC_NO_COMMON_BLOCKS = YES;
				GCC_OPTIMIZATION_LEVEL = 0;
				GCC_PREPROCESSOR_DEFINITIONS = (
					"DEBUG=1",
					"$(inherited)",
				);
				GCC_WARN_64_TO_32_BIT_CONVERSION = YES;
				GCC_WARN_ABOUT_RETURN_TYPE = YES_ERROR;
				GCC_WARN_UNDECLARED_SELECTOR = YES;
				GCC_WARN_UNINITIALIZED_AUTOS = YES_AGGRESSIVE;
				GCC_WARN_UNUSED_FUNCTION = YES;
				GCC_WARN_UNUSED_VARIABLE = YES;
				IPHONEOS_DEPLOYMENT_TARGET = 11.0;
				MTL_ENABLE_DEBUG_INFO = YES;
				ONLY_ACTIVE_ARCH = YES;
				SDKROOT = iphoneos;
				SWIFT_ACTIVE_COMPILATION_CONDITIONS = DEBUG;
				SWIFT_OPTIMIZATION_LEVEL = "-Onone";
			};
			name = Debug;
		};
		A0CC0BF71F20C05A00DD7C87 /* Release */ = {
			isa = XCBuildConfiguration;
			buildSettings = {
				ALWAYS_SEARCH_USER_PATHS = NO;
				CLANG_ANALYZER_NONNULL = YES;
				CLANG_ANALYZER_NUMBER_OBJECT_CONVERSION = YES_AGGRESSIVE;
				CLANG_CXX_LANGUAGE_STANDARD = "gnu++14";
				CLANG_CXX_LIBRARY = "libc++";
				CLANG_ENABLE_MODULES = YES;
				CLANG_ENABLE_OBJC_ARC = YES;
				CLANG_WARN_BLOCK_CAPTURE_AUTORELEASING = YES;
				CLANG_WARN_BOOL_CONVERSION = YES;
				CLANG_WARN_COMMA = YES;
				CLANG_WARN_CONSTANT_CONVERSION = YES;
				CLANG_WARN_DIRECT_OBJC_ISA_USAGE = YES_ERROR;
				CLANG_WARN_DOCUMENTATION_COMMENTS = YES;
				CLANG_WARN_EMPTY_BODY = YES;
				CLANG_WARN_ENUM_CONVERSION = YES;
				CLANG_WARN_INFINITE_RECURSION = YES;
				CLANG_WARN_INT_CONVERSION = YES;
				CLANG_WARN_OBJC_ROOT_CLASS = YES_ERROR;
				CLANG_WARN_RANGE_LOOP_ANALYSIS = YES;
				CLANG_WARN_STRICT_PROTOTYPES = YES;
				CLANG_WARN_SUSPICIOUS_MOVE = YES;
				CLANG_WARN_UNGUARDED_AVAILABILITY = YES_AGGRESSIVE;
				CLANG_WARN_UNREACHABLE_CODE = YES;
				CLANG_WARN__DUPLICATE_METHOD_MATCH = YES;
				CODE_SIGN_IDENTITY = "iPhone Developer";
				COPY_PHASE_STRIP = NO;
				DEBUG_INFORMATION_FORMAT = "dwarf-with-dsym";
				ENABLE_NS_ASSERTIONS = NO;
				ENABLE_STRICT_OBJC_MSGSEND = YES;
				GCC_C_LANGUAGE_STANDARD = gnu11;
				GCC_NO_COMMON_BLOCKS = YES;
				GCC_WARN_64_TO_32_BIT_CONVERSION = YES;
				GCC_WARN_ABOUT_RETURN_TYPE = YES_ERROR;
				GCC_WARN_UNDECLARED_SELECTOR = YES;
				GCC_WARN_UNINITIALIZED_AUTOS = YES_AGGRESSIVE;
				GCC_WARN_UNUSED_FUNCTION = YES;
				GCC_WARN_UNUSED_VARIABLE = YES;
				IPHONEOS_DEPLOYMENT_TARGET = 11.0;
				MTL_ENABLE_DEBUG_INFO = NO;
				SDKROOT = iphoneos;
				SWIFT_OPTIMIZATION_LEVEL = "-Owholemodule";
				VALIDATE_PRODUCT = YES;
			};
			name = Release;
		};
		A0CC0BF91F20C05A00DD7C87 /* Debug */ = {
			isa = XCBuildConfiguration;
			baseConfigurationReference = 3FB3EFD9A9F95D51F439F882 /* Pods-PasswordNote.debug.xcconfig */;
			buildSettings = {
				ASSETCATALOG_COMPILER_APPICON_NAME = AppIcon;
				DEVELOPMENT_TEAM = 5DB28TBQU6;
				INFOPLIST_FILE = PasswordNote/Info.plist;
				IPHONEOS_DEPLOYMENT_TARGET = 8.0;
				LD_RUNPATH_SEARCH_PATHS = "$(inherited) @executable_path/Frameworks";
				PRODUCT_BUNDLE_IDENTIFIER = ZHC.PasswordNote;
				PRODUCT_NAME = "$(TARGET_NAME)";
				SWIFT_VERSION = 4.0;
				TARGETED_DEVICE_FAMILY = "1,2";
			};
			name = Debug;
		};
		A0CC0BFA1F20C05A00DD7C87 /* Release */ = {
			isa = XCBuildConfiguration;
			baseConfigurationReference = D1A673FB79EDDDB63D4FDB57 /* Pods-PasswordNote.release.xcconfig */;
			buildSettings = {
				ASSETCATALOG_COMPILER_APPICON_NAME = AppIcon;
				DEVELOPMENT_TEAM = 5DB28TBQU6;
				INFOPLIST_FILE = PasswordNote/Info.plist;
				IPHONEOS_DEPLOYMENT_TARGET = 8.0;
				LD_RUNPATH_SEARCH_PATHS = "$(inherited) @executable_path/Frameworks";
				PRODUCT_BUNDLE_IDENTIFIER = ZHC.PasswordNote;
				PRODUCT_NAME = "$(TARGET_NAME)";
				SWIFT_VERSION = 4.0;
				TARGETED_DEVICE_FAMILY = "1,2";
			};
			name = Release;
		};
/* End XCBuildConfiguration section */

/* Begin XCConfigurationList section */
		A0CC0BE11F20C05A00DD7C87 /* Build configuration list for PBXProject "PasswordNote" */ = {
			isa = XCConfigurationList;
			buildConfigurations = (
				A0CC0BF61F20C05A00DD7C87 /* Debug */,
				A0CC0BF71F20C05A00DD7C87 /* Release */,
			);
			defaultConfigurationIsVisible = 0;
			defaultConfigurationName = Release;
		};
		A0CC0BF81F20C05A00DD7C87 /* Build configuration list for PBXNativeTarget "PasswordNote" */ = {
			isa = XCConfigurationList;
			buildConfigurations = (
				A0CC0BF91F20C05A00DD7C87 /* Debug */,
				A0CC0BFA1F20C05A00DD7C87 /* Release */,
			);
			defaultConfigurationIsVisible = 0;
			defaultConfigurationName = Release;
		};
/* End XCConfigurationList section */
	};
	rootObject = A0CC0BDE1F20C05A00DD7C87 /* Project object */;
}
